<?xml version="1.0" encoding="utf-8"?>
<Project ToolsVersion="4.0" xmlns="http://schemas.microsoft.com/developer/msbuild/2003">
  <ItemGroup>
    <Filter Include="Arquivos de Origem">
      <UniqueIdentifier>{4FC737F1-C7A5-4376-A066-2A32D752A2FF}</UniqueIdentifier>
      <Extensions>cpp;c;cc;cxx;c++;def;odl;idl;hpj;bat;asm;asmx</Extensions>
    </Filter>
    <Filter Include="Arquivos de Cabeçalho">
      <UniqueIdentifier>{93995380-89BD-4b04-88EB-625FBE52EBFB}</UniqueIdentifier>
      <Extensions>h;hh;hpp;hxx;h++;hm;inl;inc;ipp;xsd</Extensions>
    </Filter>
    <Filter Include="Arquivos de Recurso">
      <UniqueIdentifier>{67DA6AB6-F800-4c08-8B7A-83BB121AAD01}</UniqueIdentifier>
      <Extensions>rc;ico;cur;bmp;dlg;rc2;rct;bin;rgs;gif;jpg;jpeg;jpe;resx;tiff;tif;png;wav;mfcribbon-ms</Extensions>
    </Filter>
  </ItemGroup>
  <ItemGroup>
    <ClCompile Include="MainUI.cpp">
      <Filter>Arquivos de Origem</Filter>
    </ClCompile>
    <ClCompile Include="WMEInfo.cpp">
      <Filter>Arquivos de Origem</Filter>
    </ClCompile>
    <ClCompile Include="Calculation.cpp">
      <Filter>Arquivos de Origem</Filter>
    </ClCompile>
    <ClCompile Include="StdFunctions.cpp">
      <Filter>Arquivos de Origem</Filter>
    </ClCompile>
    <ClCompile Include="GearCorrection.cpp">
      <Filter>Arquivos de Origem</Filter>
    </ClCompile>
    <ClCompile Include="NoDataEngine.cpp">
      <Filter>Arquivos de Origem</Filter>
    </ClCompile>
  </ItemGroup>
  <ItemGroup>
    <ClInclude Include="MainUI.h">
      <Filter>Arquivos de Cabeçalho</Filter>
    </ClInclude>
    <ClInclude Include="resource.h">
      <Filter>Arquivos de Cabeçalho</Filter>
    </ClInclude>
    <ClInclude Include="WMEInfo.h">
      <Filter>Arquivos de Cabeçalho</Filter>
    </ClInclude>
    <ClInclude Include="Calculation.h">
      <Filter>Arquivos de Cabeçalho</Filter>
    </ClInclude>
    <ClInclude Include="StdFunctions.h">
      <Filter>Arquivos de Cabeçalho</Filter>
    </ClInclude>
    <ClInclude Include="GearCorrection.h">
      <Filter>Arquivos de Cabeçalho</Filter>
    </ClInclude>
    <ClInclude Include="NoDataEngine.h">
      <Filter>Arquivos de Cabeçalho</Filter>
    </ClInclude>
  </ItemGroup>
  <ItemGroup>
    <ResourceCompile Include="WMECalculation.rc">
      <Filter>Arquivos de Recurso</Filter>
    </ResourceCompile>
  </ItemGroup>
  <ItemGroup>
    <Image Include="..\WMEico.ico">
      <Filter>Arquivos de Recurso</Filter>
    </Image>
  </ItemGroup>
  <ItemGroup>
    <EmbeddedResource Include="GearCorrection.resx">
      <Filter>Arquivos de Recurso</Filter>
    </EmbeddedResource>
    <EmbeddedResource Include="MainUI.en-US.resx">
      <Filter>Arquivos de Recurso</Filter>
    </EmbeddedResource>
    <EmbeddedResource Include="MainUI.es.resx">
      <Filter>Arquivos de Recurso</Filter>
    </EmbeddedResource>
    <EmbeddedResource Include="MainUI.pt-BR.resx">
      <Filter>Arquivos de Recurso</Filter>
    </EmbeddedResource>
    <EmbeddedResource Include="MainUI.resx">
      <Filter>Arquivos de Recurso</Filter>
    </EmbeddedResource>
    <EmbeddedResource Include="WMEInfo.resx">
      <Filter>Arquivos de Recurso</Filter>
    </EmbeddedResource>
    <EmbeddedResource Include="GearCorrection.en-US.resx">
      <Filter>Arquivos de Recurso</Filter>
    </EmbeddedResource>
    <EmbeddedResource Include="GearCorrection.es.resx">
      <Filter>Arquivos de Recurso</Filter>
    </EmbeddedResource>
    <EmbeddedResource Include="GearCorrection.pt-BR.resx">
      <Filter>Arquivos de Recurso</Filter>
    </EmbeddedResource>
  </ItemGroup>
</Project>